Microsoft Visual Studio Solution File, Format Version 12.00
# Visual Studio Version 16
VisualStudioVersion = 16.0.29503.13
MinimumVisualStudioVersion = 10.0.40219.1
Project("{9A19103F-16F7-4668-BE54-9A1E7A4F7556}") = "SQLite.CodeFirst", "SQLite.CodeFirst\SQLite.CodeFirst.csproj", "{50A32FE4-0E13-4213-A373-72523CDF34D9}"
EndProject
Project("{9A19103F-16F7-4668-BE54-9A1E7A4F7556}") = "SQLite.CodeFirst.Console", "SQLite.CodeFirst.Console\SQLite.CodeFirst.Console.csproj", "{DEDABD86-6EA0-4673-A858-A4F71958F51D}"
EndProject
Project("{2150E333-8FDC-42A3-9474-1A3956D46DE8}") = "Build", "Build", "{7031BD3C-AE76-43CD-91B6-B6BCD823968C}"
	ProjectSection(SolutionItems) = preProject
		ci_appveyor.yml = ci_appveyor.yml
		release_appveyor.yml = release_appveyor.yml
	EndProjectSection
EndProject
Project("{9A19103F-16F7-4668-BE54-9A1E7A4F7556}") = "SQLite.CodeFirst.Test", "SQLite.CodeFirst.Test\SQLite.CodeFirst.Test.csproj", "{E542F38D-852E-489D-81C2-BF333503E10F}"
EndProject
Project("{2150E333-8FDC-42A3-9474-1A3956D46DE8}") = "Shared", "Shared", "{1F6D4E0E-5D07-4889-961A-A6AFC0ECD7C7}"
	ProjectSection(SolutionItems) = preProject
		README.md = README.md
		Shared\SQLite.CodeFirst.ruleset = Shared\SQLite.CodeFirst.ruleset
		Shared\SQLite.CodeFirst.StrongNameKey.snk = Shared\SQLite.CodeFirst.StrongNameKey.snk
	EndProjectSection
EndProject
Project("{FAE04EC0-301F-11D3-BF4B-00C04F79EFBC}") = "SQLite.CodeFirst.NetCore.Console", "SQLite.CodeFirst.NetCore.Console\SQLite.CodeFirst.NetCore.Console.csproj", "{709F46E3-D23B-4931-9985-8E09E3817CC4}"
EndProject
Global
	GlobalSection(SolutionConfigurationPlatforms) = preSolution
		Debug|Any CPU = Debug|Any CPU
		Release|Any CPU = Release|Any CPU
	EndGlobalSection
	GlobalSection(ProjectConfigurationPlatforms) = postSolution
		{50A32FE4-0E13-4213-A373-72523CDF34D9}.Debug|Any CPU.ActiveCfg = Debug|Any CPU
		{50A32FE4-0E13-4213-A373-72523CDF34D9}.Debug|Any CPU.Build.0 = Debug|Any CPU
		{50A32FE4-0E13-4213-A373-72523CDF34D9}.Release|Any CPU.ActiveCfg = Release|Any CPU
		{50A32FE4-0E13-4213-A373-72523CDF34D9}.Release|Any CPU.Build.0 = Release|Any CPU
		{DEDABD86-6EA0-4673-A858-A4F71958F51D}.Debug|Any CPU.ActiveCfg = Debug|Any CPU
		{DEDABD86-6EA0-4673-A858-A4F71958F51D}.Debug|Any CPU.Build.0 = Debug|Any CPU
		{DEDABD86-6EA0-4673-A858-A4F71958F51D}.Release|Any CPU.ActiveCfg = Release|Any CPU
		{DEDABD86-6EA0-4673-A858-A4F71958F51D}.Release|Any CPU.Build.0 = Release|Any CPU
		{E542F38D-852E-489D-81C2-BF333503E10F}.Debug|Any CPU.ActiveCfg = Debug|Any CPU
		{E542F38D-852E-489D-81C2-BF333503E10F}.Debug|Any CPU.Build.0 = Debug|Any CPU
		{E542F38D-852E-489D-81C2-BF333503E10F}.Release|Any CPU.ActiveCfg = Release|Any CPU
		{E542F38D-852E-489D-81C2-BF333503E10F}.Release|Any CPU.Build.0 = Release|Any CPU
		{709F46E3-D23B-4931-9985-8E09E3817CC4}.Debug|Any CPU.ActiveCfg = Debug|Any CPU
		{709F46E3-D23B-4931-9985-8E09E3817CC4}.Debug|Any CPU.Build.0 = Debug|Any CPU
		{709F46E3-D23B-4931-9985-8E09E3817CC4}.Release|Any CPU.ActiveCfg = Release|Any CPU
		{709F46E3-D23B-4931-9985-8E09E3817CC4}.Release|Any CPU.Build.0 = Release|Any CPU
	EndGlobalSection
	GlobalSection(SolutionProperties) = preSolution
		HideSolutionNode = FALSE
	EndGlobalSection
	GlobalSection(ExtensibilityGlobals) = postSolution
		SolutionGuid = {D21CDFB4-5695-4346-AB51-48C80AED4418}
	EndGlobalSection
EndGlobal
