{
  "version": 1,
  "dependencies": {
    ".NETFramework,Version=v4.8": {
      "Microsoft.NETFramework.ReferenceAssemblies": {
        "type": "Direct",
        "requested": "[1.0.3, )",
        "resolved": "1.0.3",
        "contentHash": "vUc9Npcs14QsyOD01tnv/m8sQUnGTGOw1BCmKcv77LBJY7OxhJ+zJF7UD/sCL3lYNFuqmQEVlkfS4Quif6FyYg==",
        "dependencies": {
          "Microsoft.NETFramework.ReferenceAssemblies.net48": "1.0.3"
        }
      },
      "System.Data.SQLite": {
        "type": "Direct",
        "requested": "[2.0.4, )",
        "resolved": "2.0.4",
        "contentHash": "iiawN8l6QBzLZTK2BQRyq/1XmvDONghjvXoDhkkQgPTG8bRIsmIxJV1+Lc75fviNgMnjAE3wxReVJAF7P1hkoQ=="
      },
      "EntityFramework": {
        "type": "Transitive",
        "resolved": "6.5.2",
        "contentHash": "8iOcnaKcgkWh35s8EhknnENNwwqvrBJ7jeNbQITbGo1mIeIOhGPfVdNOXZ3Y496T6e6wfXvz0WeXlgMdcgVYSA=="
      },
      "Microsoft.NETFramework.ReferenceAssemblies.net48": {
        "type": "Transitive",
        "resolved": "1.0.3",
        "contentHash": "zMk4D+9zyiEWByyQ7oPImPN/Jhpj166Ky0Nlla4eXlNL8hI/BtSJsgR8Inldd4NNpIAH3oh8yym0W2DrhXdSLQ=="
      },
      "sqlite.codefirst": {
        "type": "Project",
        "dependencies": {
          "EntityFramework": "[6.5.2, )"
        }
      }
    }
  }
}